
Microsoft Visual Studio Solution File, Format Version 12.00
# Visual Studio Version 16
VisualStudioVersion = 16.0.31005.135
MinimumVisualStudioVersion = 10.0.40219.1
Project("{FAE04EC0-301F-11D3-BF4B-00C04F79EFBC}") = "3 Gewinnt.UWP", "3 Gewinnt.UWP\3 Gewinnt.UWP.csproj", "{A7C18853-AB9C-40E4-A6AA-9FD3A4142320}"
EndProject
Project("{FAE04EC0-301F-11D3-BF4B-00C04F79EFBC}") = "3 Gewinnt.Android", "3 Gewinnt.Android\3 Gewinnt.Android.csproj", "{D62C23FC-E35D-47EE-918C-A7518511F9BE}"
EndProject
Project("{FAE04EC0-301F-11D3-BF4B-00C04F79EFBC}") = "3 Gewinnt.iOS", "3 Gewinnt.iOS\3 Gewinnt.iOS.csproj", "{EB542E5C-E1E6-4B4C-AAE2-75EBD35506AF}"
EndProject
Project("{FAE04EC0-301F-11D3-BF4B-00C04F79EFBC}") = "3 Gewinnt", "3 Gewinnt\3 Gewinnt.csproj", "{6D2CD33C-9F64-456D-AB0C-7F42F1A9A7C7}"
EndProject
Global
	GlobalSection(SolutionConfigurationPlatforms) = preSolution
		Debug|Any CPU = Debug|Any CPU
		Debug|ARM = Debug|ARM
		Debug|iPhone = Debug|iPhone
		Debug|iPhoneSimulator = Debug|iPhoneSimulator
		Debug|x64 = Debug|x64
		Debug|x86 = Debug|x86
		Release|Any CPU = Release|Any CPU
		Release|ARM = Release|ARM
		Release|iPhone = Release|iPhone
		Release|iPhoneSimulator = Release|iPhoneSimulator
		Release|x64 = Release|x64
		Release|x86 = Release|x86
	EndGlobalSection
	GlobalSection(ProjectConfigurationPlatforms) = postSolution
		{A7C18853-AB9C-40E4-A6AA-9FD3A4142320}.Debug|Any CPU.ActiveCfg = Debug|x86
		{A7C18853-AB9C-40E4-A6AA-9FD3A4142320}.Debug|Any CPU.Build.0 = Debug|x86
		{A7C18853-AB9C-40E4-A6AA-9FD3A4142320}.Debug|Any CPU.Deploy.0 = Debug|x86
		{A7C18853-AB9C-40E4-A6AA-9FD3A4142320}.Debug|ARM.ActiveCfg = Debug|ARM
		{A7C18853-AB9C-40E4-A6AA-9FD3A4142320}.Debug|ARM.Build.0 = Debug|ARM
		{A7C18853-AB9C-40E4-A6AA-9FD3A4142320}.Debug|ARM.Deploy.0 = Debug|ARM
		{A7C18853-AB9C-40E4-A6AA-9FD3A4142320}.Debug|iPhone.ActiveCfg = Debug|x86
		{A7C18853-AB9C-40E4-A6AA-9FD3A4142320}.Debug|iPhone.Build.0 = Debug|x86
		{A7C18853-AB9C-40E4-A6AA-9FD3A4142320}.Debug|iPhone.Deploy.0 = Debug|x86
		{A7C18853-AB9C-40E4-A6AA-9FD3A4142320}.Debug|iPhoneSimulator.ActiveCfg = Debug|x86
		{A7C18853-AB9C-40E4-A6AA-9FD3A4142320}.Debug|iPhoneSimulator.Build.0 = Debug|x86
		{A7C18853-AB9C-40E4-A6AA-9FD3A4142320}.Debug|iPhoneSimulator.Deploy.0 = Debug|x86
		{A7C18853-AB9C-40E4-A6AA-9FD3A4142320}.Debug|x64.ActiveCfg = Debug|x64
		{A7C18853-AB9C-40E4-A6AA-9FD3A4142320}.Debug|x64.Build.0 = Debug|x64
		{A7C18853-AB9C-40E4-A6AA-9FD3A4142320}.Debug|x64.Deploy.0 = Debug|x64
		{A7C18853-AB9C-40E4-A6AA-9FD3A4142320}.Debug|x86.ActiveCfg = Debug|x86
		{A7C18853-AB9C-40E4-A6AA-9FD3A4142320}.Debug|x86.Build.0 = Debug|x86
		{A7C18853-AB9C-40E4-A6AA-9FD3A4142320}.Debug|x86.Deploy.0 = Debug|x86
		{A7C18853-AB9C-40E4-A6AA-9FD3A4142320}.Release|Any CPU.ActiveCfg = Release|x86
		{A7C18853-AB9C-40E4-A6AA-9FD3A4142320}.Release|Any CPU.Build.0 = Release|x86
		{A7C18853-AB9C-40E4-A6AA-9FD3A4142320}.Release|Any CPU.Deploy.0 = Release|x86
		{A7C18853-AB9C-40E4-A6AA-9FD3A4142320}.Release|ARM.ActiveCfg = Release|ARM
		{A7C18853-AB9C-40E4-A6AA-9FD3A4142320}.Release|ARM.Build.0 = Release|ARM
		{A7C18853-AB9C-40E4-A6AA-9FD3A4142320}.Release|ARM.Deploy.0 = Release|ARM
		{A7C18853-AB9C-40E4-A6AA-9FD3A4142320}.Release|iPhone.ActiveCfg = Release|x86
		{A7C18853-AB9C-40E4-A6AA-9FD3A4142320}.Release|iPhone.Build.0 = Release|x86
		{A7C18853-AB9C-40E4-A6AA-9FD3A4142320}.Release|iPhone.Deploy.0 = Release|x86
		{A7C18853-AB9C-40E4-A6AA-9FD3A4142320}.Release|iPhoneSimulator.ActiveCfg = Release|x86
		{A7C18853-AB9C-40E4-A6AA-9FD3A4142320}.Release|iPhoneSimulator.Build.0 = Release|x86
		{A7C18853-AB9C-40E4-A6AA-9FD3A4142320}.Release|iPhoneSimulator.Deploy.0 = Release|x86
		{A7C18853-AB9C-40E4-A6AA-9FD3A4142320}.Release|x64.ActiveCfg = Release|x64
		{A7C18853-AB9C-40E4-A6AA-9FD3A4142320}.Release|x64.Build.0 = Release|x64
		{A7C18853-AB9C-40E4-A6AA-9FD3A4142320}.Release|x64.Deploy.0 = Release|x64
		{A7C18853-AB9C-40E4-A6AA-9FD3A4142320}.Release|x86.ActiveCfg = Release|x86
		{A7C18853-AB9C-40E4-A6AA-9FD3A4142320}.Release|x86.Build.0 = Release|x86
		{A7C18853-AB9C-40E4-A6AA-9FD3A4142320}.Release|x86.Deploy.0 = Release|x86
		{D62C23FC-E35D-47EE-918C-A7518511F9BE}.Debug|Any CPU.ActiveCfg = Debug|Any CPU
		{D62C23FC-E35D-47EE-918C-A7518511F9BE}.Debug|Any CPU.Build.0 = Debug|Any CPU
		{D62C23FC-E35D-47EE-918C-A7518511F9BE}.Debug|Any CPU.Deploy.0 = Debug|Any CPU
		{D62C23FC-E35D-47EE-918C-A7518511F9BE}.Debug|ARM.ActiveCfg = Debug|Any CPU
		{D62C23FC-E35D-47EE-918C-A7518511F9BE}.Debug|ARM.Build.0 = Debug|Any CPU
		{D62C23FC-E35D-47EE-918C-A7518511F9BE}.Debug|ARM.Deploy.0 = Debug|Any CPU
		{D62C23FC-E35D-47EE-918C-A7518511F9BE}.Debug|iPhone.ActiveCfg = Debug|Any CPU
		{D62C23FC-E35D-47EE-918C-A7518511F9BE}.Debug|iPhone.Build.0 = Debug|Any CPU
		{D62C23FC-E35D-47EE-918C-A7518511F9BE}.Debug|iPhone.Deploy.0 = Debug|Any CPU
		{D62C23FC-E35D-47EE-918C-A7518511F9BE}.Debug|iPhoneSimulator.ActiveCfg = Debug|Any CPU
		{D62C23FC-E35D-47EE-918C-A7518511F9BE}.Debug|iPhoneSimulator.Build.0 = Debug|Any CPU
		{D62C23FC-E35D-47EE-918C-A7518511F9BE}.Debug|iPhoneSimulator.Deploy.0 = Debug|Any CPU
		{D62C23FC-E35D-47EE-918C-A7518511F9BE}.Debug|x64.ActiveCfg = Debug|Any CPU
		{D62C23FC-E35D-47EE-918C-A7518511F9BE}.Debug|x64.Build.0 = Debug|Any CPU
		{D62C23FC-E35D-47EE-918C-A7518511F9BE}.Debug|x64.Deploy.0 = Debug|Any CPU
		{D62C23FC-E35D-47EE-918C-A7518511F9BE}.Debug|x86.ActiveCfg = Debug|Any CPU
		{D62C23FC-E35D-47EE-918C-A7518511F9BE}.Debug|x86.Build.0 = Debug|Any CPU
		{D62C23FC-E35D-47EE-918C-A7518511F9BE}.Debug|x86.Deploy.0 = Debug|Any CPU
		{D62C23FC-E35D-47EE-918C-A7518511F9BE}.Release|Any CPU.ActiveCfg = Release|Any CPU
		{D62C23FC-E35D-47EE-918C-A7518511F9BE}.Release|Any CPU.Build.0 = Release|Any CPU
		{D62C23FC-E35D-47EE-918C-A7518511F9BE}.Release|Any CPU.Deploy.0 = Release|Any CPU
		{D62C23FC-E35D-47EE-918C-A7518511F9BE}.Release|ARM.ActiveCfg = Release|Any CPU
		{D62C23FC-E35D-47EE-918C-A7518511F9BE}.Release|ARM.Build.0 = Release|Any CPU
		{D62C23FC-E35D-47EE-918C-A7518511F9BE}.Release|ARM.Deploy.0 = Release|Any CPU
		{D62C23FC-E35D-47EE-918C-A7518511F9BE}.Release|iPhone.ActiveCfg = Release|Any CPU
		{D62C23FC-E35D-47EE-918C-A7518511F9BE}.Release|iPhone.Build.0 = Release|Any CPU
		{D62C23FC-E35D-47EE-918C-A7518511F9BE}.Release|iPhone.Deploy.0 = Release|Any CPU
		{D62C23FC-E35D-47EE-918C-A7518511F9BE}.Release|iPhoneSimulator.ActiveCfg = Release|Any CPU
		{D62C23FC-E35D-47EE-918C-A7518511F9BE}.Release|iPhoneSimulator.Build.0 = Release|Any CPU
		{D62C23FC-E35D-47EE-918C-A7518511F9BE}.Release|iPhoneSimulator.Deploy.0 = Release|Any CPU
		{D62C23FC-E35D-47EE-918C-A7518511F9BE}.Release|x64.ActiveCfg = Release|Any CPU
		{D62C23FC-E35D-47EE-918C-A7518511F9BE}.Release|x64.Build.0 = Release|Any CPU
		{D62C23FC-E35D-47EE-918C-A7518511F9BE}.Release|x64.Deploy.0 = Release|Any CPU
		{D62C23FC-E35D-47EE-918C-A7518511F9BE}.Release|x86.ActiveCfg = Release|Any CPU
		{D62C23FC-E35D-47EE-918C-A7518511F9BE}.Release|x86.Build.0 = Release|Any CPU
		{D62C23FC-E35D-47EE-918C-A7518511F9BE}.Release|x86.Deploy.0 = Release|Any CPU
		{EB542E5C-E1E6-4B4C-AAE2-75EBD35506AF}.Debug|Any CPU.ActiveCfg = Debug|iPhoneSimulator
		{EB542E5C-E1E6-4B4C-AAE2-75EBD35506AF}.Debug|Any CPU.Build.0 = Debug|iPhoneSimulator
		{EB542E5C-E1E6-4B4C-AAE2-75EBD35506AF}.Debug|Any CPU.Deploy.0 = Debug|iPhoneSimulator
		{EB542E5C-E1E6-4B4C-AAE2-75EBD35506AF}.Debug|ARM.ActiveCfg = Debug|iPhone
		{EB542E5C-E1E6-4B4C-AAE2-75EBD35506AF}.Debug|ARM.Build.0 = Debug|iPhone
		{EB542E5C-E1E6-4B4C-AAE2-75EBD35506AF}.Debug|ARM.Deploy.0 = Debug|iPhone
		{EB542E5C-E1E6-4B4C-AAE2-75EBD35506AF}.Debug|iPhone.ActiveCfg = Debug|iPhone
		{EB542E5C-E1E6-4B4C-AAE2-75EBD35506AF}.Debug|iPhone.Build.0 = Debug|iPhone
		{EB542E5C-E1E6-4B4C-AAE2-75EBD35506AF}.Debug|iPhone.Deploy.0 = Debug|iPhone
		{EB542E5C-E1E6-4B4C-AAE2-75EBD35506AF}.Debug|iPhoneSimulator.ActiveCfg = Debug|iPhoneSimulator
		{EB542E5C-E1E6-4B4C-AAE2-75EBD35506AF}.Debug|iPhoneSimulator.Build.0 = Debug|iPhoneSimulator
		{EB542E5C-E1E6-4B4C-AAE2-75EBD35506AF}.Debug|iPhoneSimulator.Deploy.0 = Debug|iPhoneSimulator
		{EB542E5C-E1E6-4B4C-AAE2-75EBD35506AF}.Debug|x64.ActiveCfg = Debug|iPhoneSimulator
		{EB542E5C-E1E6-4B4C-AAE2-75EBD35506AF}.Debug|x64.Build.0 = Debug|iPhoneSimulator
		{EB542E5C-E1E6-4B4C-AAE2-75EBD35506AF}.Debug|x64.Deploy.0 = Debug|iPhoneSimulator
		{EB542E5C-E1E6-4B4C-AAE2-75EBD35506AF}.Debug|x86.ActiveCfg = Debug|iPhoneSimulator
		{EB542E5C-E1E6-4B4C-AAE2-75EBD35506AF}.Debug|x86.Build.0 = Debug|iPhoneSimulator
		{EB542E5C-E1E6-4B4C-AAE2-75EBD35506AF}.Debug|x86.Deploy.0 = Debug|iPhoneSimulator
		{EB542E5C-E1E6-4B4C-AAE2-75EBD35506AF}.Release|Any CPU.ActiveCfg = Release|iPhoneSimulator
		{EB542E5C-E1E6-4B4C-AAE2-75EBD35506AF}.Release|Any CPU.Build.0 = Release|iPhoneSimulator
		{EB542E5C-E1E6-4B4C-AAE2-75EBD35506AF}.Release|Any CPU.Deploy.0 = Release|iPhoneSimulator
		{EB542E5C-E1E6-4B4C-AAE2-75EBD35506AF}.Release|ARM.ActiveCfg = Release|iPhoneSimulator
		{EB542E5C-E1E6-4B4C-AAE2-75EBD35506AF}.Release|ARM.Build.0 = Release|iPhoneSimulator
		{EB542E5C-E1E6-4B4C-AAE2-75EBD35506AF}.Release|ARM.Deploy.0 = Release|iPhoneSimulator
		{EB542E5C-E1E6-4B4C-AAE2-75EBD35506AF}.Release|iPhone.ActiveCfg = Release|iPhone
		{EB542E5C-E1E6-4B4C-AAE2-75EBD35506AF}.Release|iPhone.Build.0 = Release|iPhone
		{EB542E5C-E1E6-4B4C-AAE2-75EBD35506AF}.Release|iPhone.Deploy.0 = Release|iPhone
		{EB542E5C-E1E6-4B4C-AAE2-75EBD35506AF}.Release|iPhoneSimulator.ActiveCfg = Release|iPhoneSimulator
		{EB542E5C-E1E6-4B4C-AAE2-75EBD35506AF}.Release|iPhoneSimulator.Build.0 = Release|iPhoneSimulator
		{EB542E5C-E1E6-4B4C-AAE2-75EBD35506AF}.Release|iPhoneSimulator.Deploy.0 = Release|iPhoneSimulator
		{EB542E5C-E1E6-4B4C-AAE2-75EBD35506AF}.Release|x64.ActiveCfg = Release|iPhoneSimulator
		{EB542E5C-E1E6-4B4C-AAE2-75EBD35506AF}.Release|x64.Build.0 = Release|iPhoneSimulator
		{EB542E5C-E1E6-4B4C-AAE2-75EBD35506AF}.Release|x64.Deploy.0 = Release|iPhoneSimulator
		{EB542E5C-E1E6-4B4C-AAE2-75EBD35506AF}.Release|x86.ActiveCfg = Release|iPhoneSimulator
		{EB542E5C-E1E6-4B4C-AAE2-75EBD35506AF}.Release|x86.Build.0 = Release|iPhoneSimulator
		{EB542E5C-E1E6-4B4C-AAE2-75EBD35506AF}.Release|x86.Deploy.0 = Release|iPhoneSimulator
		{6D2CD33C-9F64-456D-AB0C-7F42F1A9A7C7}.Debug|Any CPU.ActiveCfg = Debug|Any CPU
		{6D2CD33C-9F64-456D-AB0C-7F42F1A9A7C7}.Debug|Any CPU.Build.0 = Debug|Any CPU
		{6D2CD33C-9F64-456D-AB0C-7F42F1A9A7C7}.Debug|Any CPU.Deploy.0 = Debug|Any CPU
		{6D2CD33C-9F64-456D-AB0C-7F42F1A9A7C7}.Debug|ARM.ActiveCfg = Debug|Any CPU
		{6D2CD33C-9F64-456D-AB0C-7F42F1A9A7C7}.Debug|ARM.Build.0 = Debug|Any CPU
		{6D2CD33C-9F64-456D-AB0C-7F42F1A9A7C7}.Debug|ARM.Deploy.0 = Debug|Any CPU
		{6D2CD33C-9F64-456D-AB0C-7F42F1A9A7C7}.Debug|iPhone.ActiveCfg = Debug|Any CPU
		{6D2CD33C-9F64-456D-AB0C-7F42F1A9A7C7}.Debug|iPhone.Build.0 = Debug|Any CPU
		{6D2CD33C-9F64-456D-AB0C-7F42F1A9A7C7}.Debug|iPhone.Deploy.0 = Debug|Any CPU
		{6D2CD33C-9F64-456D-AB0C-7F42F1A9A7C7}.Debug|iPhoneSimulator.ActiveCfg = Debug|Any CPU
		{6D2CD33C-9F64-456D-AB0C-7F42F1A9A7C7}.Debug|iPhoneSimulator.Build.0 = Debug|Any CPU
		{6D2CD33C-9F64-456D-AB0C-7F42F1A9A7C7}.Debug|iPhoneSimulator.Deploy.0 = Debug|Any CPU
		{6D2CD33C-9F64-456D-AB0C-7F42F1A9A7C7}.Debug|x64.ActiveCfg = Debug|Any CPU
		{6D2CD33C-9F64-456D-AB0C-7F42F1A9A7C7}.Debug|x64.Build.0 = Debug|Any CPU
		{6D2CD33C-9F64-456D-AB0C-7F42F1A9A7C7}.Debug|x64.Deploy.0 = Debug|Any CPU
		{6D2CD33C-9F64-456D-AB0C-7F42F1A9A7C7}.Debug|x86.ActiveCfg = Debug|Any CPU
		{6D2CD33C-9F64-456D-AB0C-7F42F1A9A7C7}.Debug|x86.Build.0 = Debug|Any CPU
		{6D2CD33C-9F64-456D-AB0C-7F42F1A9A7C7}.Debug|x86.Deploy.0 = Debug|Any CPU
		{6D2CD33C-9F64-456D-AB0C-7F42F1A9A7C7}.Release|Any CPU.ActiveCfg = Release|Any CPU
		{6D2CD33C-9F64-456D-AB0C-7F42F1A9A7C7}.Release|Any CPU.Build.0 = Release|Any CPU
		{6D2CD33C-9F64-456D-AB0C-7F42F1A9A7C7}.Release|Any CPU.Deploy.0 = Release|Any CPU
		{6D2CD33C-9F64-456D-AB0C-7F42F1A9A7C7}.Release|ARM.ActiveCfg = Release|Any CPU
		{6D2CD33C-9F64-456D-AB0C-7F42F1A9A7C7}.Release|ARM.Build.0 = Release|Any CPU
		{6D2CD33C-9F64-456D-AB0C-7F42F1A9A7C7}.Release|ARM.Deploy.0 = Release|Any CPU
		{6D2CD33C-9F64-456D-AB0C-7F42F1A9A7C7}.Release|iPhone.ActiveCfg = Release|Any CPU
		{6D2CD33C-9F64-456D-AB0C-7F42F1A9A7C7}.Release|iPhone.Build.0 = Release|Any CPU
		{6D2CD33C-9F64-456D-AB0C-7F42F1A9A7C7}.Release|iPhone.Deploy.0 = Release|Any CPU
		{6D2CD33C-9F64-456D-AB0C-7F42F1A9A7C7}.Release|iPhoneSimulator.ActiveCfg = Release|Any CPU
		{6D2CD33C-9F64-456D-AB0C-7F42F1A9A7C7}.Release|iPhoneSimulator.Build.0 = Release|Any CPU
		{6D2CD33C-9F64-456D-AB0C-7F42F1A9A7C7}.Release|iPhoneSimulator.Deploy.0 = Release|Any CPU
		{6D2CD33C-9F64-456D-AB0C-7F42F1A9A7C7}.Release|x64.ActiveCfg = Release|Any CPU
		{6D2CD33C-9F64-456D-AB0C-7F42F1A9A7C7}.Release|x64.Build.0 = Release|Any CPU
		{6D2CD33C-9F64-456D-AB0C-7F42F1A9A7C7}.Release|x64.Deploy.0 = Release|Any CPU
		{6D2CD33C-9F64-456D-AB0C-7F42F1A9A7C7}.Release|x86.ActiveCfg = Release|Any CPU
		{6D2CD33C-9F64-456D-AB0C-7F42F1A9A7C7}.Release|x86.Build.0 = Release|Any CPU
		{6D2CD33C-9F64-456D-AB0C-7F42F1A9A7C7}.Release|x86.Deploy.0 = Release|Any CPU
	EndGlobalSection
	GlobalSection(SolutionProperties) = preSolution
		HideSolutionNode = FALSE
	EndGlobalSection
	GlobalSection(ExtensibilityGlobals) = postSolution
		SolutionGuid = {7E032A99-7249-4381-8C39-EE65864BD6DF}
	EndGlobalSection
EndGlobal
