
Microsoft Visual Studio Solution File, Format Version 12.00
# Visual Studio Version 16
VisualStudioVersion = 16.0.31005.135
MinimumVisualStudioVersion = 10.0.40219.1
Project("{FAE04EC0-301F-11D3-BF4B-00C04F79EFBC}") = "3Gewinnt.UWP", "3Gewinnt.UWP\3Gewinnt.UWP.csproj", "{A02FF439-0D2C-48F7-81E1-16C00E446748}"
EndProject
Project("{FAE04EC0-301F-11D3-BF4B-00C04F79EFBC}") = "3Gewinnt.Android", "3Gewinnt.Android\3Gewinnt.Android.csproj", "{A26DEDEA-7F86-4F5D-AB3D-BC3E6EBC309E}"
EndProject
Project("{FAE04EC0-301F-11D3-BF4B-00C04F79EFBC}") = "3Gewinnt.iOS", "3Gewinnt.iOS\3Gewinnt.iOS.csproj", "{9C345B59-B84D-43D2-8BC7-C0F4653A1DE0}"
EndProject
Project("{FAE04EC0-301F-11D3-BF4B-00C04F79EFBC}") = "3Gewinnt", "3Gewinnt\3Gewinnt.csproj", "{E3C2EB12-EBC5-4793-8888-351848CE4039}"
EndProject
Global
	GlobalSection(SolutionConfigurationPlatforms) = preSolution
		Debug|Any CPU = Debug|Any CPU
		Debug|ARM = Debug|ARM
		Debug|iPhone = Debug|iPhone
		Debug|iPhoneSimulator = Debug|iPhoneSimulator
		Debug|x64 = Debug|x64
		Debug|x86 = Debug|x86
		Release|Any CPU = Release|Any CPU
		Release|ARM = Release|ARM
		Release|iPhone = Release|iPhone
		Release|iPhoneSimulator = Release|iPhoneSimulator
		Release|x64 = Release|x64
		Release|x86 = Release|x86
	EndGlobalSection
	GlobalSection(ProjectConfigurationPlatforms) = postSolution
		{A02FF439-0D2C-48F7-81E1-16C00E446748}.Debug|Any CPU.ActiveCfg = Debug|x86
		{A02FF439-0D2C-48F7-81E1-16C00E446748}.Debug|Any CPU.Build.0 = Debug|x86
		{A02FF439-0D2C-48F7-81E1-16C00E446748}.Debug|Any CPU.Deploy.0 = Debug|x86
		{A02FF439-0D2C-48F7-81E1-16C00E446748}.Debug|ARM.ActiveCfg = Debug|ARM
		{A02FF439-0D2C-48F7-81E1-16C00E446748}.Debug|ARM.Build.0 = Debug|ARM
		{A02FF439-0D2C-48F7-81E1-16C00E446748}.Debug|ARM.Deploy.0 = Debug|ARM
		{A02FF439-0D2C-48F7-81E1-16C00E446748}.Debug|iPhone.ActiveCfg = Debug|x86
		{A02FF439-0D2C-48F7-81E1-16C00E446748}.Debug|iPhone.Build.0 = Debug|x86
		{A02FF439-0D2C-48F7-81E1-16C00E446748}.Debug|iPhone.Deploy.0 = Debug|x86
		{A02FF439-0D2C-48F7-81E1-16C00E446748}.Debug|iPhoneSimulator.ActiveCfg = Debug|x86
		{A02FF439-0D2C-48F7-81E1-16C00E446748}.Debug|iPhoneSimulator.Build.0 = Debug|x86
		{A02FF439-0D2C-48F7-81E1-16C00E446748}.Debug|iPhoneSimulator.Deploy.0 = Debug|x86
		{A02FF439-0D2C-48F7-81E1-16C00E446748}.Debug|x64.ActiveCfg = Debug|x64
		{A02FF439-0D2C-48F7-81E1-16C00E446748}.Debug|x64.Build.0 = Debug|x64
		{A02FF439-0D2C-48F7-81E1-16C00E446748}.Debug|x64.Deploy.0 = Debug|x64
		{A02FF439-0D2C-48F7-81E1-16C00E446748}.Debug|x86.ActiveCfg = Debug|x86
		{A02FF439-0D2C-48F7-81E1-16C00E446748}.Debug|x86.Build.0 = Debug|x86
		{A02FF439-0D2C-48F7-81E1-16C00E446748}.Debug|x86.Deploy.0 = Debug|x86
		{A02FF439-0D2C-48F7-81E1-16C00E446748}.Release|Any CPU.ActiveCfg = Release|x86
		{A02FF439-0D2C-48F7-81E1-16C00E446748}.Release|Any CPU.Build.0 = Release|x86
		{A02FF439-0D2C-48F7-81E1-16C00E446748}.Release|Any CPU.Deploy.0 = Release|x86
		{A02FF439-0D2C-48F7-81E1-16C00E446748}.Release|ARM.ActiveCfg = Release|ARM
		{A02FF439-0D2C-48F7-81E1-16C00E446748}.Release|ARM.Build.0 = Release|ARM
		{A02FF439-0D2C-48F7-81E1-16C00E446748}.Release|ARM.Deploy.0 = Release|ARM
		{A02FF439-0D2C-48F7-81E1-16C00E446748}.Release|iPhone.ActiveCfg = Release|x86
		{A02FF439-0D2C-48F7-81E1-16C00E446748}.Release|iPhone.Build.0 = Release|x86
		{A02FF439-0D2C-48F7-81E1-16C00E446748}.Release|iPhone.Deploy.0 = Release|x86
		{A02FF439-0D2C-48F7-81E1-16C00E446748}.Release|iPhoneSimulator.ActiveCfg = Release|x86
		{A02FF439-0D2C-48F7-81E1-16C00E446748}.Release|iPhoneSimulator.Build.0 = Release|x86
		{A02FF439-0D2C-48F7-81E1-16C00E446748}.Release|iPhoneSimulator.Deploy.0 = Release|x86
		{A02FF439-0D2C-48F7-81E1-16C00E446748}.Release|x64.ActiveCfg = Release|x64
		{A02FF439-0D2C-48F7-81E1-16C00E446748}.Release|x64.Build.0 = Release|x64
		{A02FF439-0D2C-48F7-81E1-16C00E446748}.Release|x64.Deploy.0 = Release|x64
		{A02FF439-0D2C-48F7-81E1-16C00E446748}.Release|x86.ActiveCfg = Release|x86
		{A02FF439-0D2C-48F7-81E1-16C00E446748}.Release|x86.Build.0 = Release|x86
		{A02FF439-0D2C-48F7-81E1-16C00E446748}.Release|x86.Deploy.0 = Release|x86
		{A26DEDEA-7F86-4F5D-AB3D-BC3E6EBC309E}.Debug|Any CPU.ActiveCfg = Debug|Any CPU
		{A26DEDEA-7F86-4F5D-AB3D-BC3E6EBC309E}.Debug|Any CPU.Build.0 = Debug|Any CPU
		{A26DEDEA-7F86-4F5D-AB3D-BC3E6EBC309E}.Debug|Any CPU.Deploy.0 = Debug|Any CPU
		{A26DEDEA-7F86-4F5D-AB3D-BC3E6EBC309E}.Debug|ARM.ActiveCfg = Debug|Any CPU
		{A26DEDEA-7F86-4F5D-AB3D-BC3E6EBC309E}.Debug|ARM.Build.0 = Debug|Any CPU
		{A26DEDEA-7F86-4F5D-AB3D-BC3E6EBC309E}.Debug|ARM.Deploy.0 = Debug|Any CPU
		{A26DEDEA-7F86-4F5D-AB3D-BC3E6EBC309E}.Debug|iPhone.ActiveCfg = Debug|Any CPU
		{A26DEDEA-7F86-4F5D-AB3D-BC3E6EBC309E}.Debug|iPhone.Build.0 = Debug|Any CPU
		{A26DEDEA-7F86-4F5D-AB3D-BC3E6EBC309E}.Debug|iPhone.Deploy.0 = Debug|Any CPU
		{A26DEDEA-7F86-4F5D-AB3D-BC3E6EBC309E}.Debug|iPhoneSimulator.ActiveCfg = Debug|Any CPU
		{A26DEDEA-7F86-4F5D-AB3D-BC3E6EBC309E}.Debug|iPhoneSimulator.Build.0 = Debug|Any CPU
		{A26DEDEA-7F86-4F5D-AB3D-BC3E6EBC309E}.Debug|iPhoneSimulator.Deploy.0 = Debug|Any CPU
		{A26DEDEA-7F86-4F5D-AB3D-BC3E6EBC309E}.Debug|x64.ActiveCfg = Debug|Any CPU
		{A26DEDEA-7F86-4F5D-AB3D-BC3E6EBC309E}.Debug|x64.Build.0 = Debug|Any CPU
		{A26DEDEA-7F86-4F5D-AB3D-BC3E6EBC309E}.Debug|x64.Deploy.0 = Debug|Any CPU
		{A26DEDEA-7F86-4F5D-AB3D-BC3E6EBC309E}.Debug|x86.ActiveCfg = Debug|Any CPU
		{A26DEDEA-7F86-4F5D-AB3D-BC3E6EBC309E}.Debug|x86.Build.0 = Debug|Any CPU
		{A26DEDEA-7F86-4F5D-AB3D-BC3E6EBC309E}.Debug|x86.Deploy.0 = Debug|Any CPU
		{A26DEDEA-7F86-4F5D-AB3D-BC3E6EBC309E}.Release|Any CPU.ActiveCfg = Release|Any CPU
		{A26DEDEA-7F86-4F5D-AB3D-BC3E6EBC309E}.Release|Any CPU.Build.0 = Release|Any CPU
		{A26DEDEA-7F86-4F5D-AB3D-BC3E6EBC309E}.Release|Any CPU.Deploy.0 = Release|Any CPU
		{A26DEDEA-7F86-4F5D-AB3D-BC3E6EBC309E}.Release|ARM.ActiveCfg = Release|Any CPU
		{A26DEDEA-7F86-4F5D-AB3D-BC3E6EBC309E}.Release|ARM.Build.0 = Release|Any CPU
		{A26DEDEA-7F86-4F5D-AB3D-BC3E6EBC309E}.Release|ARM.Deploy.0 = Release|Any CPU
		{A26DEDEA-7F86-4F5D-AB3D-BC3E6EBC309E}.Release|iPhone.ActiveCfg = Release|Any CPU
		{A26DEDEA-7F86-4F5D-AB3D-BC3E6EBC309E}.Release|iPhone.Build.0 = Release|Any CPU
		{A26DEDEA-7F86-4F5D-AB3D-BC3E6EBC309E}.Release|iPhone.Deploy.0 = Release|Any CPU
		{A26DEDEA-7F86-4F5D-AB3D-BC3E6EBC309E}.Release|iPhoneSimulator.ActiveCfg = Release|Any CPU
		{A26DEDEA-7F86-4F5D-AB3D-BC3E6EBC309E}.Release|iPhoneSimulator.Build.0 = Release|Any CPU
		{A26DEDEA-7F86-4F5D-AB3D-BC3E6EBC309E}.Release|iPhoneSimulator.Deploy.0 = Release|Any CPU
		{A26DEDEA-7F86-4F5D-AB3D-BC3E6EBC309E}.Release|x64.ActiveCfg = Release|Any CPU
		{A26DEDEA-7F86-4F5D-AB3D-BC3E6EBC309E}.Release|x64.Build.0 = Release|Any CPU
		{A26DEDEA-7F86-4F5D-AB3D-BC3E6EBC309E}.Release|x64.Deploy.0 = Release|Any CPU
		{A26DEDEA-7F86-4F5D-AB3D-BC3E6EBC309E}.Release|x86.ActiveCfg = Release|Any CPU
		{A26DEDEA-7F86-4F5D-AB3D-BC3E6EBC309E}.Release|x86.Build.0 = Release|Any CPU
		{A26DEDEA-7F86-4F5D-AB3D-BC3E6EBC309E}.Release|x86.Deploy.0 = Release|Any CPU
		{9C345B59-B84D-43D2-8BC7-C0F4653A1DE0}.Debug|Any CPU.ActiveCfg = Debug|iPhoneSimulator
		{9C345B59-B84D-43D2-8BC7-C0F4653A1DE0}.Debug|Any CPU.Build.0 = Debug|iPhoneSimulator
		{9C345B59-B84D-43D2-8BC7-C0F4653A1DE0}.Debug|Any CPU.Deploy.0 = Debug|iPhoneSimulator
		{9C345B59-B84D-43D2-8BC7-C0F4653A1DE0}.Debug|ARM.ActiveCfg = Debug|iPhone
		{9C345B59-B84D-43D2-8BC7-C0F4653A1DE0}.Debug|ARM.Build.0 = Debug|iPhone
		{9C345B59-B84D-43D2-8BC7-C0F4653A1DE0}.Debug|ARM.Deploy.0 = Debug|iPhone
		{9C345B59-B84D-43D2-8BC7-C0F4653A1DE0}.Debug|iPhone.ActiveCfg = Debug|iPhone
		{9C345B59-B84D-43D2-8BC7-C0F4653A1DE0}.Debug|iPhone.Build.0 = Debug|iPhone
		{9C345B59-B84D-43D2-8BC7-C0F4653A1DE0}.Debug|iPhone.Deploy.0 = Debug|iPhone
		{9C345B59-B84D-43D2-8BC7-C0F4653A1DE0}.Debug|iPhoneSimulator.ActiveCfg = Debug|iPhoneSimulator
		{9C345B59-B84D-43D2-8BC7-C0F4653A1DE0}.Debug|iPhoneSimulator.Build.0 = Debug|iPhoneSimulator
		{9C345B59-B84D-43D2-8BC7-C0F4653A1DE0}.Debug|iPhoneSimulator.Deploy.0 = Debug|iPhoneSimulator
		{9C345B59-B84D-43D2-8BC7-C0F4653A1DE0}.Debug|x64.ActiveCfg = Debug|iPhoneSimulator
		{9C345B59-B84D-43D2-8BC7-C0F4653A1DE0}.Debug|x64.Build.0 = Debug|iPhoneSimulator
		{9C345B59-B84D-43D2-8BC7-C0F4653A1DE0}.Debug|x64.Deploy.0 = Debug|iPhoneSimulator
		{9C345B59-B84D-43D2-8BC7-C0F4653A1DE0}.Debug|x86.ActiveCfg = Debug|iPhoneSimulator
		{9C345B59-B84D-43D2-8BC7-C0F4653A1DE0}.Debug|x86.Build.0 = Debug|iPhoneSimulator
		{9C345B59-B84D-43D2-8BC7-C0F4653A1DE0}.Debug|x86.Deploy.0 = Debug|iPhoneSimulator
		{9C345B59-B84D-43D2-8BC7-C0F4653A1DE0}.Release|Any CPU.ActiveCfg = Release|iPhoneSimulator
		{9C345B59-B84D-43D2-8BC7-C0F4653A1DE0}.Release|Any CPU.Build.0 = Release|iPhoneSimulator
		{9C345B59-B84D-43D2-8BC7-C0F4653A1DE0}.Release|Any CPU.Deploy.0 = Release|iPhoneSimulator
		{9C345B59-B84D-43D2-8BC7-C0F4653A1DE0}.Release|ARM.ActiveCfg = Release|iPhoneSimulator
		{9C345B59-B84D-43D2-8BC7-C0F4653A1DE0}.Release|ARM.Build.0 = Release|iPhoneSimulator
		{9C345B59-B84D-43D2-8BC7-C0F4653A1DE0}.Release|ARM.Deploy.0 = Release|iPhoneSimulator
		{9C345B59-B84D-43D2-8BC7-C0F4653A1DE0}.Release|iPhone.ActiveCfg = Release|iPhone
		{9C345B59-B84D-43D2-8BC7-C0F4653A1DE0}.Release|iPhone.Build.0 = Release|iPhone
		{9C345B59-B84D-43D2-8BC7-C0F4653A1DE0}.Release|iPhone.Deploy.0 = Release|iPhone
		{9C345B59-B84D-43D2-8BC7-C0F4653A1DE0}.Release|iPhoneSimulator.ActiveCfg = Release|iPhoneSimulator
		{9C345B59-B84D-43D2-8BC7-C0F4653A1DE0}.Release|iPhoneSimulator.Build.0 = Release|iPhoneSimulator
		{9C345B59-B84D-43D2-8BC7-C0F4653A1DE0}.Release|iPhoneSimulator.Deploy.0 = Release|iPhoneSimulator
		{9C345B59-B84D-43D2-8BC7-C0F4653A1DE0}.Release|x64.ActiveCfg = Release|iPhoneSimulator
		{9C345B59-B84D-43D2-8BC7-C0F4653A1DE0}.Release|x64.Build.0 = Release|iPhoneSimulator
		{9C345B59-B84D-43D2-8BC7-C0F4653A1DE0}.Release|x64.Deploy.0 = Release|iPhoneSimulator
		{9C345B59-B84D-43D2-8BC7-C0F4653A1DE0}.Release|x86.ActiveCfg = Release|iPhoneSimulator
		{9C345B59-B84D-43D2-8BC7-C0F4653A1DE0}.Release|x86.Build.0 = Release|iPhoneSimulator
		{9C345B59-B84D-43D2-8BC7-C0F4653A1DE0}.Release|x86.Deploy.0 = Release|iPhoneSimulator
		{E3C2EB12-EBC5-4793-8888-351848CE4039}.Debug|Any CPU.ActiveCfg = Debug|Any CPU
		{E3C2EB12-EBC5-4793-8888-351848CE4039}.Debug|Any CPU.Build.0 = Debug|Any CPU
		{E3C2EB12-EBC5-4793-8888-351848CE4039}.Debug|Any CPU.Deploy.0 = Debug|Any CPU
		{E3C2EB12-EBC5-4793-8888-351848CE4039}.Debug|ARM.ActiveCfg = Debug|Any CPU
		{E3C2EB12-EBC5-4793-8888-351848CE4039}.Debug|ARM.Build.0 = Debug|Any CPU
		{E3C2EB12-EBC5-4793-8888-351848CE4039}.Debug|ARM.Deploy.0 = Debug|Any CPU
		{E3C2EB12-EBC5-4793-8888-351848CE4039}.Debug|iPhone.ActiveCfg = Debug|Any CPU
		{E3C2EB12-EBC5-4793-8888-351848CE4039}.Debug|iPhone.Build.0 = Debug|Any CPU
		{E3C2EB12-EBC5-4793-8888-351848CE4039}.Debug|iPhone.Deploy.0 = Debug|Any CPU
		{E3C2EB12-EBC5-4793-8888-351848CE4039}.Debug|iPhoneSimulator.ActiveCfg = Debug|Any CPU
		{E3C2EB12-EBC5-4793-8888-351848CE4039}.Debug|iPhoneSimulator.Build.0 = Debug|Any CPU
		{E3C2EB12-EBC5-4793-8888-351848CE4039}.Debug|iPhoneSimulator.Deploy.0 = Debug|Any CPU
		{E3C2EB12-EBC5-4793-8888-351848CE4039}.Debug|x64.ActiveCfg = Debug|Any CPU
		{E3C2EB12-EBC5-4793-8888-351848CE4039}.Debug|x64.Build.0 = Debug|Any CPU
		{E3C2EB12-EBC5-4793-8888-351848CE4039}.Debug|x64.Deploy.0 = Debug|Any CPU
		{E3C2EB12-EBC5-4793-8888-351848CE4039}.Debug|x86.ActiveCfg = Debug|Any CPU
		{E3C2EB12-EBC5-4793-8888-351848CE4039}.Debug|x86.Build.0 = Debug|Any CPU
		{E3C2EB12-EBC5-4793-8888-351848CE4039}.Debug|x86.Deploy.0 = Debug|Any CPU
		{E3C2EB12-EBC5-4793-8888-351848CE4039}.Release|Any CPU.ActiveCfg = Release|Any CPU
		{E3C2EB12-EBC5-4793-8888-351848CE4039}.Release|Any CPU.Build.0 = Release|Any CPU
		{E3C2EB12-EBC5-4793-8888-351848CE4039}.Release|Any CPU.Deploy.0 = Release|Any CPU
		{E3C2EB12-EBC5-4793-8888-351848CE4039}.Release|ARM.ActiveCfg = Release|Any CPU
		{E3C2EB12-EBC5-4793-8888-351848CE4039}.Release|ARM.Build.0 = Release|Any CPU
		{E3C2EB12-EBC5-4793-8888-351848CE4039}.Release|ARM.Deploy.0 = Release|Any CPU
		{E3C2EB12-EBC5-4793-8888-351848CE4039}.Release|iPhone.ActiveCfg = Release|Any CPU
		{E3C2EB12-EBC5-4793-8888-351848CE4039}.Release|iPhone.Build.0 = Release|Any CPU
		{E3C2EB12-EBC5-4793-8888-351848CE4039}.Release|iPhone.Deploy.0 = Release|Any CPU
		{E3C2EB12-EBC5-4793-8888-351848CE4039}.Release|iPhoneSimulator.ActiveCfg = Release|Any CPU
		{E3C2EB12-EBC5-4793-8888-351848CE4039}.Release|iPhoneSimulator.Build.0 = Release|Any CPU
		{E3C2EB12-EBC5-4793-8888-351848CE4039}.Release|iPhoneSimulator.Deploy.0 = Release|Any CPU
		{E3C2EB12-EBC5-4793-8888-351848CE4039}.Release|x64.ActiveCfg = Release|Any CPU
		{E3C2EB12-EBC5-4793-8888-351848CE4039}.Release|x64.Build.0 = Release|Any CPU
		{E3C2EB12-EBC5-4793-8888-351848CE4039}.Release|x64.Deploy.0 = Release|Any CPU
		{E3C2EB12-EBC5-4793-8888-351848CE4039}.Release|x86.ActiveCfg = Release|Any CPU
		{E3C2EB12-EBC5-4793-8888-351848CE4039}.Release|x86.Build.0 = Release|Any CPU
		{E3C2EB12-EBC5-4793-8888-351848CE4039}.Release|x86.Deploy.0 = Release|Any CPU
	EndGlobalSection
	GlobalSection(SolutionProperties) = preSolution
		HideSolutionNode = FALSE
	EndGlobalSection
	GlobalSection(ExtensibilityGlobals) = postSolution
		SolutionGuid = {876F8B88-003F-4DBD-A069-331F25CE618D}
	EndGlobalSection
EndGlobal
